# This file is automatically @generated by Cargo.
# It is not intended for manual editing.
version = 4

[[package]]
name = "pp-anonymize"
version = "0.1.0"
dependencies = [
 "pp-core",
 "pp-detect",
 "pp-store",
]

[[package]]
name = "pp-core"
version = "0.1.0"

[[package]]
name = "pp-detect"
version = "0.1.0"
dependencies = [
 "pp-core",
]

[[package]]
name = "pp-gateway"
version = "0.1.0"
dependencies = [
 "pp-anonymize",
 "pp-core",
 "pp-detect",
 "pp-store",
]

[[package]]
name = "pp-protocol"
version = "0.1.0"

[[package]]
name = "pp-store"
version = "0.1.0"
dependencies = [
 "pp-core",
]

[[package]]
name = "pp-upstream"
version = "0.1.0"
